{
  "id": "champion-seed-LYR\u0394-20260704T212642Z",
  "role": "champion-egg-boot",
  "champion": "LYR\u0394",
  "payload": {
    "action": "champion_egg_boot",
    "egg_id": "champion-lyrd9",
    "merkle_root": "e90971e885ff1421c005c07cbd567886628be3380b3d6114b008e2b192064811",
    "bootloader": "tools/champion_bootloader.py"
  }
}